// !$*UTF8*$!
{
	archiveVersion = 1;
	classes = {
	};
	objectVersion = 56;
	objects = {

/* Begin PBXBuildFile section */
		6817074C293B08C100D25B76 /* Project8_part2App.swift in Sources */ = {isa = PBXBuildFile; fileRef = 6817074B293B08C100D25B76 /* Project8_part2App.swift */; };
		6817074E293B08C100D25B76 /* ContentView.swift in Sources */ = {isa = PBXBuildFile; fileRef = 6817074D293B08C100D25B76 /* ContentView.swift */; };
		68170750293B08C300D25B76 /* Assets.xcassets in Resources */ = {isa = PBXBuildFile; fileRef = 6817074F293B08C300D25B76 /* Assets.xcassets */; };
		68170753293B08C300D25B76 /* Preview Assets.xcassets in Resources */ = {isa = PBXBuildFile; fileRef = 68170752293B08C300D25B76 /* Preview Assets.xcassets */; };
		6817075A293B092E00D25B76 /* astronauts.json in Resources */ = {isa = PBXBuildFile; fileRef = 68170759293B092E00D25B76 /* astronauts.json */; };
		6817075C293B093400D25B76 /* missions.json in Resources */ = {isa = PBXBuildFile; fileRef = 6817075B293B093400D25B76 /* missions.json */; };
		6817075E293B09D200D25B76 /* Astronaut.swift in Sources */ = {isa = PBXBuildFile; fileRef = 6817075D293B09D200D25B76 /* Astronaut.swift */; };
		68170760293B10BC00D25B76 /* Bundle-Decodable.swift in Sources */ = {isa = PBXBuildFile; fileRef = 6817075F293B10BC00D25B76 /* Bundle-Decodable.swift */; };
		68170762293B1E5E00D25B76 /* Mission.swift in Sources */ = {isa = PBXBuildFile; fileRef = 68170761293B1E5E00D25B76 /* Mission.swift */; };
		68170764293C3DBD00D25B76 /* Color-Theme.swift in Sources */ = {isa = PBXBuildFile; fileRef = 68170763293C3DBD00D25B76 /* Color-Theme.swift */; };
/* End PBXBuildFile section */

/* Begin PBXFileReference section */
		68170748293B08C100D25B76 /* Project8_part2.app */ = {isa = PBXFileReference; explicitFileType = wrapper.application; includeInIndex = 0; path = Project8_part2.app; sourceTree = BUILT_PRODUCTS_DIR; };
		6817074B293B08C100D25B76 /* Project8_part2App.swift */ = {isa = PBXFileReference; lastKnownFileType = sourcecode.swift; path = Project8_part2App.swift; sourceTree = "<group>"; };
		6817074D293B08C100D25B76 /* ContentView.swift */ = {isa = PBXFileReference; lastKnownFileType = sourcecode.swift; path = ContentView.swift; sourceTree = "<group>"; };
		6817074F293B08C300D25B76 /* Assets.xcassets */ = {isa = PBXFileReference; lastKnownFileType = folder.assetcatalog; path = Assets.xcassets; sourceTree = "<group>"; };
		68170752293B08C300D25B76 /* Preview Assets.xcassets */ = {isa = PBXFileReference; lastKnownFileType = folder.assetcatalog; path = "Preview Assets.xcassets"; sourceTree = "<group>"; };
		68170759293B092E00D25B76 /* astronauts.json */ = {isa = PBXFileReference; fileEncoding = 4; lastKnownFileType = text.json; path = astronauts.json; sourceTree = "<group>"; };
		6817075B293B093400D25B76 /* missions.json */ = {isa = PBXFileReference; fileEncoding = 4; lastKnownFileType = text.json; path = missions.json; sourceTree = "<group>"; };
		6817075D293B09D200D25B76 /* Astronaut.swift */ = {isa = PBXFileReference; lastKnownFileType = sourcecode.swift; path = Astronaut.swift; sourceTree = "<group>"; };
		6817075F293B10BC00D25B76 /* Bundle-Decodable.swift */ = {isa = PBXFileReference; lastKnownFileType = sourcecode.swift; path = "Bundle-Decodable.swift"; sourceTree = "<group>"; };
		68170761293B1E5E00D25B76 /* Mission.swift */ = {isa = PBXFileReference; lastKnownFileType = sourcecode.swift; path = Mission.swift; sourceTree = "<group>"; };
		68170763293C3DBD00D25B76 /* Color-Theme.swift */ = {isa = PBXFileReference; lastKnownFileType = sourcecode.swift; path = "Color-Theme.swift"; sourceTree = "<group>"; };
/* End PBXFileReference section */

/* Begin PBXFrameworksBuildPhase section */
		68170745293B08C100D25B76 /* Frameworks */ = {
			isa = PBXFrameworksBuildPhase;
			buildActionMask = 2147483647;
			files = (
			);
			runOnlyForDeploymentPostprocessing = 0;
		};
/* End PBXFrameworksBuildPhase section */

/* Begin PBXGroup section */
		6817073F293B08C100D25B76 = {
			isa = PBXGroup;
			children = (
				6817074A293B08C100D25B76 /* Project8_part2 */,
				68170749293B08C100D25B76 /* Products */,
			);
			sourceTree = "<group>";
		};
		68170749293B08C100D25B76 /* Products */ = {
			isa = PBXGroup;
			children = (
				68170748293B08C100D25B76 /* Project8_part2.app */,
			);
			name = Products;
			sourceTree = "<group>";
		};
		6817074A293B08C100D25B76 /* Project8_part2 */ = {
			isa = PBXGroup;
			children = (
				6817074B293B08C100D25B76 /* Project8_part2App.swift */,
				6817074D293B08C100D25B76 /* ContentView.swift */,
				68170763293C3DBD00D25B76 /* Color-Theme.swift */,
				68170761293B1E5E00D25B76 /* Mission.swift */,
				6817075D293B09D200D25B76 /* Astronaut.swift */,
				6817075F293B10BC00D25B76 /* Bundle-Decodable.swift */,
				68170759293B092E00D25B76 /* astronauts.json */,
				6817075B293B093400D25B76 /* missions.json */,
				6817074F293B08C300D25B76 /* Assets.xcassets */,
				68170751293B08C300D25B76 /* Preview Content */,
			);
			path = Project8_part2;
			sourceTree = "<group>";
		};
		68170751293B08C300D25B76 /* Preview Content */ = {
			isa = PBXGroup;
			children = (
				68170752293B08C300D25B76 /* Preview Assets.xcassets */,
			);
			path = "Preview Content";
			sourceTree = "<group>";
		};
/* End PBXGroup section */

/* Begin PBXNativeTarget section */
		68170747293B08C100D25B76 /* Project8_part2 */ = {
			isa = PBXNativeTarget;
			buildConfigurationList = 68170756293B08C300D25B76 /* Build configuration list for PBXNativeTarget "Project8_part2" */;
			buildPhases = (
				68170744293B08C100D25B76 /* Sources */,
				68170745293B08C100D25B76 /* Frameworks */,
				68170746293B08C100D25B76 /* Resources */,
			);
			buildRules = (
			);
			dependencies = (
			);
			name = Project8_part2;
			productName = Project8_part2;
			productReference = 68170748293B08C100D25B76 /* Project8_part2.app */;
			productType = "com.apple.product-type.application";
		};
/* End PBXNativeTarget section */

/* Begin PBXProject section */
		68170740293B08C100D25B76 /* Project object */ = {
			isa = PBXProject;
			attributes = {
				BuildIndependentTargetsInParallel = 1;
				LastSwiftUpdateCheck = 1410;
				LastUpgradeCheck = 1410;
				TargetAttributes = {
					68170747293B08C100D25B76 = {
						CreatedOnToolsVersion = 14.1;
					};
				};
			};
			buildConfigurationList = 68170743293B08C100D25B76 /* Build configuration list for PBXProject "Project8_part2" */;
			compatibilityVersion = "Xcode 14.0";
			developmentRegion = en;
			hasScannedForEncodings = 0;
			knownRegions = (
				en,
				Base,
			);
			mainGroup = 6817073F293B08C100D25B76;
			productRefGroup = 68170749293B08C100D25B76 /* Products */;
			projectDirPath = "";
			projectRoot = "";
			targets = (
				68170747293B08C100D25B76 /* Project8_part2 */,
			);
		};
/* End PBXProject section */

/* Begin PBXResourcesBuildPhase section */
		68170746293B08C100D25B76 /* Resources */ = {
			isa = PBXResourcesBuildPhase;
			buildActionMask = 2147483647;
			files = (
				6817075A293B092E00D25B76 /* astronauts.json in Resources */,
				68170753293B08C300D25B76 /* Preview Assets.xcassets in Resources */,
				6817075C293B093400D25B76 /* missions.json in Resources */,
				68170750293B08C300D25B76 /* Assets.xcassets in Resources */,
			);
			runOnlyForDeploymentPostprocessing = 0;
		};
/* End PBXResourcesBuildPhase section */

/* Begin PBXSourcesBuildPhase section */
		68170744293B08C100D25B76 /* Sources */ = {
			isa = PBXSourcesBuildPhase;
			buildActionMask = 2147483647;
			files = (
				6817075E293B09D200D25B76 /* Astronaut.swift in Sources */,
				68170764293C3DBD00D25B76 /* Color-Theme.swift in Sources */,
				6817074E293B08C100D25B76 /* ContentView.swift in Sources */,
				6817074C293B08C100D25B76 /* Project8_part2App.swift in Sources */,
				68170762293B1E5E00D25B76 /* Mission.swift in Sources */,
				68170760293B10BC00D25B76 /* Bundle-Decodable.swift in Sources */,
			);
			runOnlyForDeploymentPostprocessing = 0;
		};
/* End PBXSourcesBuildPhase section */

/* Begin XCBuildConfiguration section */
		68170754293B08C300D25B76 /* Debug */ = {
			isa = XCBuildConfiguration;
			buildSettings = {
				ALWAYS_SEARCH_USER_PATHS = NO;
				CLANG_ANALYZER_NONNULL = YES;
				CLANG_ANALYZER_NUMBER_OBJECT_CONVERSION = YES_AGGRESSIVE;
				CLANG_CXX_LANGUAGE_STANDARD = "gnu++20";
				CLANG_ENABLE_MODULES = YES;
				CLANG_ENABLE_OBJC_ARC = YES;
				CLANG_ENABLE_OBJC_WEAK = YES;
				CLANG_WARN_BLOCK_CAPTURE_AUTORELEASING = YES;
				CLANG_WARN_BOOL_CONVERSION = YES;
				CLANG_WARN_COMMA = YES;
				CLANG_WARN_CONSTANT_CONVERSION = YES;
				CLANG_WARN_DEPRECATED_OBJC_IMPLEMENTATIONS = YES;
				CLANG_WARN_DIRECT_OBJC_ISA_USAGE = YES_ERROR;
				CLANG_WARN_DOCUMENTATION_COMMENTS = YES;
				CLANG_WARN_EMPTY_BODY = YES;
				CLANG_WARN_ENUM_CONVERSION = YES;
				CLANG_WARN_INFINITE_RECURSION = YES;
				CLANG_WARN_INT_CONVERSION = YES;
				CLANG_WARN_NON_LITERAL_NULL_CONVERSION = YES;
				CLANG_WARN_OBJC_IMPLICIT_RETAIN_SELF = YES;
				CLANG_WARN_OBJC_LITERAL_CONVERSION = YES;
				CLANG_WARN_OBJC_ROOT_CLASS = YES_ERROR;
				CLANG_WARN_QUOTED_INCLUDE_IN_FRAMEWORK_HEADER = YES;
				CLANG_WARN_RANGE_LOOP_ANALYSIS = YES;
				CLANG_WARN_STRICT_PROTOTYPES = YES;
				CLANG_WARN_SUSPICIOUS_MOVE = YES;
				CLANG_WARN_UNGUARDED_AVAILABILITY = YES_AGGRESSIVE;
				CLANG_WARN_UNREACHABLE_CODE = YES;
				CLANG_WARN__DUPLICATE_METHOD_MATCH = YES;
				COPY_PHASE_STRIP = NO;
				DEBUG_INFORMATION_FORMAT = dwarf;
				ENABLE_STRICT_OBJC_MSGSEND = YES;
				ENABLE_TESTABILITY = YES;
				GCC_C_LANGUAGE_STANDARD = gnu11;
				GCC_DYNAMIC_NO_PIC = NO;
				GCC_NO_COMMON_BLOCKS = YES;
				GCC_OPTIMIZATION_LEVEL = 0;
				GCC_PREPROCESSOR_DEFINITIONS = (
					"DEBUG=1",
					"$(inherited)",
				);
				GCC_WARN_64_TO_32_BIT_CONVERSION = YES;
				GCC_WARN_ABOUT_RETURN_TYPE = YES_ERROR;
				GCC_WARN_UNDECLARED_SELECTOR = YES;
				GCC_WARN_UNINITIALIZED_AUTOS = YES_AGGRESSIVE;
				GCC_WARN_UNUSED_FUNCTION = YES;
				GCC_WARN_UNUSED_VARIABLE = YES;
				IPHONEOS_DEPLOYMENT_TARGET = 16.1;
				MTL_ENABLE_DEBUG_INFO = INCLUDE_SOURCE;
				MTL_FAST_MATH = YES;
				ONLY_ACTIVE_ARCH = YES;
				SDKROOT = iphoneos;
				SWIFT_ACTIVE_COMPILATION_CONDITIONS = DEBUG;
				SWIFT_OPTIMIZATION_LEVEL = "-Onone";
			};
			name = Debug;
		};
		68170755293B08C300D25B76 /* Release */ = {
			isa = XCBuildConfiguration;
			buildSettings = {
				ALWAYS_SEARCH_USER_PATHS = NO;
				CLANG_ANALYZER_NONNULL = YES;
				CLANG_ANALYZER_NUMBER_OBJECT_CONVERSION = YES_AGGRESSIVE;
				CLANG_CXX_LANGUAGE_STANDARD = "gnu++20";
				CLANG_ENABLE_MODULES = YES;
				CLANG_ENABLE_OBJC_ARC = YES;
				CLANG_ENABLE_OBJC_WEAK = YES;
				CLANG_WARN_BLOCK_CAPTURE_AUTORELEASING = YES;
				CLANG_WARN_BOOL_CONVERSION = YES;
				CLANG_WARN_COMMA = YES;
				CLANG_WARN_CONSTANT_CONVERSION = YES;
				CLANG_WARN_DEPRECATED_OBJC_IMPLEMENTATIONS = YES;
				CLANG_WARN_DIRECT_OBJC_ISA_USAGE = YES_ERROR;
				CLANG_WARN_DOCUMENTATION_COMMENTS = YES;
				CLANG_WARN_EMPTY_BODY = YES;
				CLANG_WARN_ENUM_CONVERSION = YES;
				CLANG_WARN_INFINITE_RECURSION = YES;
				CLANG_WARN_INT_CONVERSION = YES;
				CLANG_WARN_NON_LITERAL_NULL_CONVERSION = YES;
				CLANG_WARN_OBJC_IMPLICIT_RETAIN_SELF = YES;
				CLANG_WARN_OBJC_LITERAL_CONVERSION = YES;
				CLANG_WARN_OBJC_ROOT_CLASS = YES_ERROR;
				CLANG_WARN_QUOTED_INCLUDE_IN_FRAMEWORK_HEADER = YES;
				CLANG_WARN_RANGE_LOOP_ANALYSIS = YES;
				CLANG_WARN_STRICT_PROTOTYPES = YES;
				CLANG_WARN_SUSPICIOUS_MOVE = YES;
				CLANG_WARN_UNGUARDED_AVAILABILITY = YES_AGGRESSIVE;
				CLANG_WARN_UNREACHABLE_CODE = YES;
				CLANG_WARN__DUPLICATE_METHOD_MATCH = YES;
				COPY_PHASE_STRIP = NO;
				DEBUG_INFORMATION_FORMAT = "dwarf-with-dsym";
				ENABLE_NS_ASSERTIONS = NO;
				ENABLE_STRICT_OBJC_MSGSEND = YES;
				GCC_C_LANGUAGE_STANDARD = gnu11;
				GCC_NO_COMMON_BLOCKS = YES;
				GCC_WARN_64_TO_32_BIT_CONVERSION = YES;
				GCC_WARN_ABOUT_RETURN_TYPE = YES_ERROR;
				GCC_WARN_UNDECLARED_SELECTOR = YES;
				GCC_WARN_UNINITIALIZED_AUTOS = YES_AGGRESSIVE;
				GCC_WARN_UNUSED_FUNCTION = YES;
				GCC_WARN_UNUSED_VARIABLE = YES;
				IPHONEOS_DEPLOYMENT_TARGET = 16.1;
				MTL_ENABLE_DEBUG_INFO = NO;
				MTL_FAST_MATH = YES;
				SDKROOT = iphoneos;
				SWIFT_COMPILATION_MODE = wholemodule;
				SWIFT_OPTIMIZATION_LEVEL = "-O";
				VALIDATE_PRODUCT = YES;
			};
			name = Release;
		};
		68170757293B08C300D25B76 /* Debug */ = {
			isa = XCBuildConfiguration;
			buildSettings = {
				ASSETCATALOG_COMPILER_APPICON_NAME = AppIcon;
				ASSETCATALOG_COMPILER_GLOBAL_ACCENT_COLOR_NAME = AccentColor;
				CODE_SIGN_STYLE = Automatic;
				CURRENT_PROJECT_VERSION = 1;
				DEVELOPMENT_ASSET_PATHS = "\"Project8_part2/Preview Content\"";
				DEVELOPMENT_TEAM = HZRTC92Y35;
				ENABLE_PREVIEWS = YES;
				GENERATE_INFOPLIST_FILE = YES;
				INFOPLIST_KEY_UIApplicationSceneManifest_Generation = YES;
				INFOPLIST_KEY_UIApplicationSupportsIndirectInputEvents = YES;
				INFOPLIST_KEY_UILaunchScreen_Generation = YES;
				INFOPLIST_KEY_UISupportedInterfaceOrientations_iPad = "UIInterfaceOrientationPortrait UIInterfaceOrientationPortraitUpsideDown UIInterfaceOrientationLandscapeLeft UIInterfaceOrientationLandscapeRight";
				INFOPLIST_KEY_UISupportedInterfaceOrientations_iPhone = "UIInterfaceOrientationPortrait UIInterfaceOrientationLandscapeLeft UIInterfaceOrientationLandscapeRight";
				LD_RUNPATH_SEARCH_PATHS = (
					"$(inherited)",
					"@executable_path/Frameworks",
				);
				MARKETING_VERSION = 1.0;
				PRODUCT_BUNDLE_IDENTIFIER = "com.KEN.Project8-part2";
				PRODUCT_NAME = "$(TARGET_NAME)";
				SWIFT_EMIT_LOC_STRINGS = YES;
				SWIFT_VERSION = 5.0;
				TARGETED_DEVICE_FAMILY = "1,2";
			};
			name = Debug;
		};
		68170758293B08C300D25B76 /* Release */ = {
			isa = XCBuildConfiguration;
			buildSettings = {
				ASSETCATALOG_COMPILER_APPICON_NAME = AppIcon;
				ASSETCATALOG_COMPILER_GLOBAL_ACCENT_COLOR_NAME = AccentColor;
				CODE_SIGN_STYLE = Automatic;
				CURRENT_PROJECT_VERSION = 1;
				DEVELOPMENT_ASSET_PATHS = "\"Project8_part2/Preview Content\"";
				DEVELOPMENT_TEAM = HZRTC92Y35;
				ENABLE_PREVIEWS = YES;
				GENERATE_INFOPLIST_FILE = YES;
				INFOPLIST_KEY_UIApplicationSceneManifest_Generation = YES;
				INFOPLIST_KEY_UIApplicationSupportsIndirectInputEvents = YES;
				INFOPLIST_KEY_UILaunchScreen_Generation = YES;
				INFOPLIST_KEY_UISupportedInterfaceOrientations_iPad = "UIInterfaceOrientationPortrait UIInterfaceOrientationPortraitUpsideDown UIInterfaceOrientationLandscapeLeft UIInterfaceOrientationLandscapeRight";
				INFOPLIST_KEY_UISupportedInterfaceOrientations_iPhone = "UIInterfaceOrientationPortrait UIInterfaceOrientationLandscapeLeft UIInterfaceOrientationLandscapeRight";
				LD_RUNPATH_SEARCH_PATHS = (
					"$(inherited)",
					"@executable_path/Frameworks",
				);
				MARKETING_VERSION = 1.0;
				PRODUCT_BUNDLE_IDENTIFIER = "com.KEN.Project8-part2";
				PRODUCT_NAME = "$(TARGET_NAME)";
				SWIFT_EMIT_LOC_STRINGS = YES;
				SWIFT_VERSION = 5.0;
				TARGETED_DEVICE_FAMILY = "1,2";
			};
			name = Release;
		};
/* End XCBuildConfiguration section */

/* Begin XCConfigurationList section */
		68170743293B08C100D25B76 /* Build configuration list for PBXProject "Project8_part2" */ = {
			isa = XCConfigurationList;
			buildConfigurations = (
				68170754293B08C300D25B76 /* Debug */,
				68170755293B08C300D25B76 /* Release */,
			);
			defaultConfigurationIsVisible = 0;
			defaultConfigurationName = Release;
		};
		68170756293B08C300D25B76 /* Build configuration list for PBXNativeTarget "Project8_part2" */ = {
			isa = XCConfigurationList;
			buildConfigurations = (
				68170757293B08C300D25B76 /* Debug */,
				68170758293B08C300D25B76 /* Release */,
			);
			defaultConfigurationIsVisible = 0;
			defaultConfigurationName = Release;
		};
/* End XCConfigurationList section */
	};
	rootObject = 68170740293B08C100D25B76 /* Project object */;
}
